// !$*UTF8*$!
{
	archiveVersion = 1;
	classes = {
	};
	objectVersion = 56;
	objects = {

/* Begin PBXBuildFile section */
		7944791D2BC0B8D600D39B12 /* InvestIQApp.swift in Sources */ = {isa = PBXBuildFile; fileRef = 7944791C2BC0B8D600D39B12 /* InvestIQApp.swift */; };
		7944791F2BC0B8D600D39B12 /* ContentView.swift in Sources */ = {isa = PBXBuildFile; fileRef = 7944791E2BC0B8D600D39B12 /* ContentView.swift */; };
		794479212BC0B8D700D39B12 /* Assets.xcassets in Resources */ = {isa = PBXBuildFile; fileRef = 794479202BC0B8D700D39B12 /* Assets.xcassets */; };
		794479242BC0B8D700D39B12 /* Preview Assets.xcassets in Resources */ = {isa = PBXBuildFile; fileRef = 794479232BC0B8D700D39B12 /* Preview Assets.xcassets */; };
		7944792E2BC0B8D700D39B12 /* InvestIQTests.swift in Sources */ = {isa = PBXBuildFile; fileRef = 7944792D2BC0B8D700D39B12 /* InvestIQTests.swift */; };
		794479382BC0B8D700D39B12 /* InvestIQUITests.swift in Sources */ = {isa = PBXBuildFile; fileRef = 794479372BC0B8D700D39B12 /* InvestIQUITests.swift */; };
		7944793A2BC0B8D700D39B12 /* InvestIQUITestsLaunchTests.swift in Sources */ = {isa = PBXBuildFile; fileRef = 794479392BC0B8D700D39B12 /* InvestIQUITestsLaunchTests.swift */; };
/* End PBXBuildFile section */

/* Begin PBXContainerItemProxy section */
		7944792A2BC0B8D700D39B12 /* PBXContainerItemProxy */ = {
			isa = PBXContainerItemProxy;
			containerPortal = 794479112BC0B8D600D39B12 /* Project object */;
			proxyType = 1;
			remoteGlobalIDString = 794479182BC0B8D600D39B12;
			remoteInfo = InvestIQ;
		};
		794479342BC0B8D700D39B12 /* PBXContainerItemProxy */ = {
			isa = PBXContainerItemProxy;
			containerPortal = 794479112BC0B8D600D39B12 /* Project object */;
			proxyType = 1;
			remoteGlobalIDString = 794479182BC0B8D600D39B12;
			remoteInfo = InvestIQ;
		};
/* End PBXContainerItemProxy section */

/* Begin PBXFileReference section */
		794479192BC0B8D600D39B12 /* InvestIQ.app */ = {isa = PBXFileReference; explicitFileType = wrapper.application; includeInIndex = 0; path = InvestIQ.app; sourceTree = BUILT_PRODUCTS_DIR; };
		7944791C2BC0B8D600D39B12 /* InvestIQApp.swift */ = {isa = PBXFileReference; lastKnownFileType = sourcecode.swift; path = InvestIQApp.swift; sourceTree = "<group>"; };
		7944791E2BC0B8D600D39B12 /* ContentView.swift */ = {isa = PBXFileReference; lastKnownFileType = sourcecode.swift; path = ContentView.swift; sourceTree = "<group>"; };
		794479202BC0B8D700D39B12 /* Assets.xcassets */ = {isa = PBXFileReference; lastKnownFileType = folder.assetcatalog; path = Assets.xcassets; sourceTree = "<group>"; };
		794479232BC0B8D700D39B12 /* Preview Assets.xcassets */ = {isa = PBXFileReference; lastKnownFileType = folder.assetcatalog; path = "Preview Assets.xcassets"; sourceTree = "<group>"; };
		794479292BC0B8D700D39B12 /* InvestIQTests.xctest */ = {isa = PBXFileReference; explicitFileType = wrapper.cfbundle; includeInIndex = 0; path = InvestIQTests.xctest; sourceTree = BUILT_PRODUCTS_DIR; };
		7944792D2BC0B8D700D39B12 /* InvestIQTests.swift */ = {isa = PBXFileReference; lastKnownFileType = sourcecode.swift; path = InvestIQTests.swift; sourceTree = "<group>"; };
		794479332BC0B8D700D39B12 /* InvestIQUITests.xctest */ = {isa = PBXFileReference; explicitFileType = wrapper.cfbundle; includeInIndex = 0; path = InvestIQUITests.xctest; sourceTree = BUILT_PRODUCTS_DIR; };
		794479372BC0B8D700D39B12 /* InvestIQUITests.swift */ = {isa = PBXFileReference; lastKnownFileType = sourcecode.swift; path = InvestIQUITests.swift; sourceTree = "<group>"; };
		794479392BC0B8D700D39B12 /* InvestIQUITestsLaunchTests.swift */ = {isa = PBXFileReference; lastKnownFileType = sourcecode.swift; path = InvestIQUITestsLaunchTests.swift; sourceTree = "<group>"; };
/* End PBXFileReference section */

/* Begin PBXFrameworksBuildPhase section */
		794479162BC0B8D600D39B12 /* Frameworks */ = {
			isa = PBXFrameworksBuildPhase;
			buildActionMask = 2147483647;
			files = (
			);
			runOnlyForDeploymentPostprocessing = 0;
		};
		794479262BC0B8D700D39B12 /* Frameworks */ = {
			isa = PBXFrameworksBuildPhase;
			buildActionMask = 2147483647;
			files = (
			);
			runOnlyForDeploymentPostprocessing = 0;
		};
		794479302BC0B8D700D39B12 /* Frameworks */ = {
			isa = PBXFrameworksBuildPhase;
			buildActionMask = 2147483647;
			files = (
			);
			runOnlyForDeploymentPostprocessing = 0;
		};
/* End PBXFrameworksBuildPhase section */

/* Begin PBXGroup section */
		794479102BC0B8D600D39B12 = {
			isa = PBXGroup;
			children = (
				7944791B2BC0B8D600D39B12 /* InvestIQ */,
				7944792C2BC0B8D700D39B12 /* InvestIQTests */,
				794479362BC0B8D700D39B12 /* InvestIQUITests */,
				7944791A2BC0B8D600D39B12 /* Products */,
			);
			sourceTree = "<group>";
		};
		7944791A2BC0B8D600D39B12 /* Products */ = {
			isa = PBXGroup;
			children = (
				794479192BC0B8D600D39B12 /* InvestIQ.app */,
				794479292BC0B8D700D39B12 /* InvestIQTests.xctest */,
				794479332BC0B8D700D39B12 /* InvestIQUITests.xctest */,
			);
			name = Products;
			sourceTree = "<group>";
		};
		7944791B2BC0B8D600D39B12 /* InvestIQ */ = {
			isa = PBXGroup;
			children = (
				7944791C2BC0B8D600D39B12 /* InvestIQApp.swift */,
				7944791E2BC0B8D600D39B12 /* ContentView.swift */,
				794479202BC0B8D700D39B12 /* Assets.xcassets */,
				794479222BC0B8D700D39B12 /* Preview Content */,
			);
			path = InvestIQ;
			sourceTree = "<group>";
		};
		794479222BC0B8D700D39B12 /* Preview Content */ = {
			isa = PBXGroup;
			children = (
				794479232BC0B8D700D39B12 /* Preview Assets.xcassets */,
			);
			path = "Preview Content";
			sourceTree = "<group>";
		};
		7944792C2BC0B8D700D39B12 /* InvestIQTests */ = {
			isa = PBXGroup;
			children = (
				7944792D2BC0B8D700D39B12 /* InvestIQTests.swift */,
			);
			path = InvestIQTests;
			sourceTree = "<group>";
		};
		794479362BC0B8D700D39B12 /* InvestIQUITests */ = {
			isa = PBXGroup;
			children = (
				794479372BC0B8D700D39B12 /* InvestIQUITests.swift */,
				794479392BC0B8D700D39B12 /* InvestIQUITestsLaunchTests.swift */,
			);
			path = InvestIQUITests;
			sourceTree = "<group>";
		};
/* End PBXGroup section */

/* Begin PBXNativeTarget section */
		794479182BC0B8D600D39B12 /* InvestIQ */ = {
			isa = PBXNativeTarget;
			buildConfigurationList = 7944793D2BC0B8D700D39B12 /* Build configuration list for PBXNativeTarget "InvestIQ" */;
			buildPhases = (
				794479152BC0B8D600D39B12 /* Sources */,
				794479162BC0B8D600D39B12 /* Frameworks */,
				794479172BC0B8D600D39B12 /* Resources */,
			);
			buildRules = (
			);
			dependencies = (
			);
			name = InvestIQ;
			productName = InvestIQ;
			productReference = 794479192BC0B8D600D39B12 /* InvestIQ.app */;
			productType = "com.apple.product-type.application";
		};
		794479282BC0B8D700D39B12 /* InvestIQTests */ = {
			isa = PBXNativeTarget;
			buildConfigurationList = 794479402BC0B8D700D39B12 /* Build configuration list for PBXNativeTarget "InvestIQTests" */;
			buildPhases = (
				794479252BC0B8D700D39B12 /* Sources */,
				794479262BC0B8D700D39B12 /* Frameworks */,
				794479272BC0B8D700D39B12 /* Resources */,
			);
			buildRules = (
			);
			dependencies = (
				7944792B2BC0B8D700D39B12 /* PBXTargetDependency */,
			);
			name = InvestIQTests;
			productName = InvestIQTests;
			productReference = 794479292BC0B8D700D39B12 /* InvestIQTests.xctest */;
			productType = "com.apple.product-type.bundle.unit-test";
		};
		794479322BC0B8D700D39B12 /* InvestIQUITests */ = {
			isa = PBXNativeTarget;
			buildConfigurationList = 794479432BC0B8D700D39B12 /* Build configuration list for PBXNativeTarget "InvestIQUITests" */;
			buildPhases = (
				7944792F2BC0B8D700D39B12 /* Sources */,
				794479302BC0B8D700D39B12 /* Frameworks */,
				794479312BC0B8D700D39B12 /* Resources */,
			);
			buildRules = (
			);
			dependencies = (
				794479352BC0B8D700D39B12 /* PBXTargetDependency */,
			);
			name = InvestIQUITests;
			productName = InvestIQUITests;
			productReference = 794479332BC0B8D700D39B12 /* InvestIQUITests.xctest */;
			productType = "com.apple.product-type.bundle.ui-testing";
		};
/* End PBXNativeTarget section */

/* Begin PBXProject section */
		794479112BC0B8D600D39B12 /* Project object */ = {
			isa = PBXProject;
			attributes = {
				BuildIndependentTargetsInParallel = 1;
				LastSwiftUpdateCheck = 1520;
				LastUpgradeCheck = 1520;
				TargetAttributes = {
					794479182BC0B8D600D39B12 = {
						CreatedOnToolsVersion = 15.2;
					};
					794479282BC0B8D700D39B12 = {
						CreatedOnToolsVersion = 15.2;
						TestTargetID = 794479182BC0B8D600D39B12;
					};
					794479322BC0B8D700D39B12 = {
						CreatedOnToolsVersion = 15.2;
						TestTargetID = 794479182BC0B8D600D39B12;
					};
				};
			};
			buildConfigurationList = 794479142BC0B8D600D39B12 /* Build configuration list for PBXProject "InvestIQ" */;
			compatibilityVersion = "Xcode 14.0";
			developmentRegion = en;
			hasScannedForEncodings = 0;
			knownRegions = (
				en,
				Base,
			);
			mainGroup = 794479102BC0B8D600D39B12;
			productRefGroup = 7944791A2BC0B8D600D39B12 /* Products */;
			projectDirPath = "";
			projectRoot = "";
			targets = (
				794479182BC0B8D600D39B12 /* InvestIQ */,
				794479282BC0B8D700D39B12 /* InvestIQTests */,
				794479322BC0B8D700D39B12 /* InvestIQUITests */,
			);
		};
/* End PBXProject section */

/* Begin PBXResourcesBuildPhase section */
		794479172BC0B8D600D39B12 /* Resources */ = {
			isa = PBXResourcesBuildPhase;
			buildActionMask = 2147483647;
			files = (
				794479242BC0B8D700D39B12 /* Preview Assets.xcassets in Resources */,
				794479212BC0B8D700D39B12 /* Assets.xcassets in Resources */,
			);
			runOnlyForDeploymentPostprocessing = 0;
		};
		794479272BC0B8D700D39B12 /* Resources */ = {
			isa = PBXResourcesBuildPhase;
			buildActionMask = 2147483647;
			files = (
			);
			runOnlyForDeploymentPostprocessing = 0;
		};
		794479312BC0B8D700D39B12 /* Resources */ = {
			isa = PBXResourcesBuildPhase;
			buildActionMask = 2147483647;
			files = (
			);
			runOnlyForDeploymentPostprocessing = 0;
		};
/* End PBXResourcesBuildPhase section */

/* Begin PBXSourcesBuildPhase section */
		794479152BC0B8D600D39B12 /* Sources */ = {
			isa = PBXSourcesBuildPhase;
			buildActionMask = 2147483647;
			files = (
				7944791F2BC0B8D600D39B12 /* ContentView.swift in Sources */,
				7944791D2BC0B8D600D39B12 /* InvestIQApp.swift in Sources */,
			);
			runOnlyForDeploymentPostprocessing = 0;
		};
		794479252BC0B8D700D39B12 /* Sources */ = {
			isa = PBXSourcesBuildPhase;
			buildActionMask = 2147483647;
			files = (
				7944792E2BC0B8D700D39B12 /* InvestIQTests.swift in Sources */,
			);
			runOnlyForDeploymentPostprocessing = 0;
		};
		7944792F2BC0B8D700D39B12 /* Sources */ = {
			isa = PBXSourcesBuildPhase;
			buildActionMask = 2147483647;
			files = (
				7944793A2BC0B8D700D39B12 /* InvestIQUITestsLaunchTests.swift in Sources */,
				794479382BC0B8D700D39B12 /* InvestIQUITests.swift in Sources */,
			);
			runOnlyForDeploymentPostprocessing = 0;
		};
/* End PBXSourcesBuildPhase section */

/* Begin PBXTargetDependency section */
		7944792B2BC0B8D700D39B12 /* PBXTargetDependency */ = {
			isa = PBXTargetDependency;
			target = 794479182BC0B8D600D39B12 /* InvestIQ */;
			targetProxy = 7944792A2BC0B8D700D39B12 /* PBXContainerItemProxy */;
		};
		794479352BC0B8D700D39B12 /* PBXTargetDependency */ = {
			isa = PBXTargetDependency;
			target = 794479182BC0B8D600D39B12 /* InvestIQ */;
			targetProxy = 794479342BC0B8D700D39B12 /* PBXContainerItemProxy */;
		};
/* End PBXTargetDependency section */

/* Begin XCBuildConfiguration section */
		7944793B2BC0B8D700D39B12 /* Debug */ = {
			isa = XCBuildConfiguration;
			buildSettings = {
				ALWAYS_SEARCH_USER_PATHS = NO;
				ASSETCATALOG_COMPILER_GENERATE_SWIFT_ASSET_SYMBOL_EXTENSIONS = YES;
				CLANG_ANALYZER_NONNULL = YES;
				CLANG_ANALYZER_NUMBER_OBJECT_CONVERSION = YES_AGGRESSIVE;
				CLANG_CXX_LANGUAGE_STANDARD = "gnu++20";
				CLANG_ENABLE_MODULES = YES;
				CLANG_ENABLE_OBJC_ARC = YES;
				CLANG_ENABLE_OBJC_WEAK = YES;
				CLANG_WARN_BLOCK_CAPTURE_AUTORELEASING = YES;
				CLANG_WARN_BOOL_CONVERSION = YES;
				CLANG_WARN_COMMA = YES;
				CLANG_WARN_CONSTANT_CONVERSION = YES;
				CLANG_WARN_DEPRECATED_OBJC_IMPLEMENTATIONS = YES;
				CLANG_WARN_DIRECT_OBJC_ISA_USAGE = YES_ERROR;
				CLANG_WARN_DOCUMENTATION_COMMENTS = YES;
				CLANG_WARN_EMPTY_BODY = YES;
				CLANG_WARN_ENUM_CONVERSION = YES;
				CLANG_WARN_INFINITE_RECURSION = YES;
				CLANG_WARN_INT_CONVERSION = YES;
				CLANG_WARN_NON_LITERAL_NULL_CONVERSION = YES;
				CLANG_WARN_OBJC_IMPLICIT_RETAIN_SELF = YES;
				CLANG_WARN_OBJC_LITERAL_CONVERSION = YES;
				CLANG_WARN_OBJC_ROOT_CLASS = YES_ERROR;
				CLANG_WARN_QUOTED_INCLUDE_IN_FRAMEWORK_HEADER = YES;
				CLANG_WARN_RANGE_LOOP_ANALYSIS = YES;
				CLANG_WARN_STRICT_PROTOTYPES = YES;
				CLANG_WARN_SUSPICIOUS_MOVE = YES;
				CLANG_WARN_UNGUARDED_AVAILABILITY = YES_AGGRESSIVE;
				CLANG_WARN_UNREACHABLE_CODE = YES;
				CLANG_WARN__DUPLICATE_METHOD_MATCH = YES;
				COPY_PHASE_STRIP = NO;
				DEBUG_INFORMATION_FORMAT = dwarf;
				ENABLE_STRICT_OBJC_MSGSEND = YES;
				ENABLE_TESTABILITY = YES;
				ENABLE_USER_SCRIPT_SANDBOXING = YES;
				GCC_C_LANGUAGE_STANDARD = gnu17;
				GCC_DYNAMIC_NO_PIC = NO;
				GCC_NO_COMMON_BLOCKS = YES;
				GCC_OPTIMIZATION_LEVEL = 0;
				GCC_PREPROCESSOR_DEFINITIONS = (
					"DEBUG=1",
					"$(inherited)",
				);
				GCC_WARN_64_TO_32_BIT_CONVERSION = YES;
				GCC_WARN_ABOUT_RETURN_TYPE = YES_ERROR;
				GCC_WARN_UNDECLARED_SELECTOR = YES;
				GCC_WARN_UNINITIALIZED_AUTOS = YES_AGGRESSIVE;
				GCC_WARN_UNUSED_FUNCTION = YES;
				GCC_WARN_UNUSED_VARIABLE = YES;
				IPHONEOS_DEPLOYMENT_TARGET = 17.2;
				LOCALIZATION_PREFERS_STRING_CATALOGS = YES;
				MTL_ENABLE_DEBUG_INFO = INCLUDE_SOURCE;
				MTL_FAST_MATH = YES;
				ONLY_ACTIVE_ARCH = YES;
				SDKROOT = iphoneos;
				SWIFT_ACTIVE_COMPILATION_CONDITIONS = "DEBUG $(inherited)";
				SWIFT_OPTIMIZATION_LEVEL = "-Onone";
			};
			name = Debug;
		};
		7944793C2BC0B8D700D39B12 /* Release */ = {
			isa = XCBuildConfiguration;
			buildSettings = {
				ALWAYS_SEARCH_USER_PATHS = NO;
				ASSETCATALOG_COMPILER_GENERATE_SWIFT_ASSET_SYMBOL_EXTENSIONS = YES;
				CLANG_ANALYZER_NONNULL = YES;
				CLANG_ANALYZER_NUMBER_OBJECT_CONVERSION = YES_AGGRESSIVE;
				CLANG_CXX_LANGUAGE_STANDARD = "gnu++20";
				CLANG_ENABLE_MODULES = YES;
				CLANG_ENABLE_OBJC_ARC = YES;
				CLANG_ENABLE_OBJC_WEAK = YES;
				CLANG_WARN_BLOCK_CAPTURE_AUTORELEASING = YES;
				CLANG_WARN_BOOL_CONVERSION = YES;
				CLANG_WARN_COMMA = YES;
				CLANG_WARN_CONSTANT_CONVERSION = YES;
				CLANG_WARN_DEPRECATED_OBJC_IMPLEMENTATIONS = YES;
				CLANG_WARN_DIRECT_OBJC_ISA_USAGE = YES_ERROR;
				CLANG_WARN_DOCUMENTATION_COMMENTS = YES;
				CLANG_WARN_EMPTY_BODY = YES;
				CLANG_WARN_ENUM_CONVERSION = YES;
				CLANG_WARN_INFINITE_RECURSION = YES;
				CLANG_WARN_INT_CONVERSION = YES;
				CLANG_WARN_NON_LITERAL_NULL_CONVERSION = YES;
				CLANG_WARN_OBJC_IMPLICIT_RETAIN_SELF = YES;
				CLANG_WARN_OBJC_LITERAL_CONVERSION = YES;
				CLANG_WARN_OBJC_ROOT_CLASS = YES_ERROR;
				CLANG_WARN_QUOTED_INCLUDE_IN_FRAMEWORK_HEADER = YES;
				CLANG_WARN_RANGE_LOOP_ANALYSIS = YES;
				CLANG_WARN_STRICT_PROTOTYPES = YES;
				CLANG_WARN_SUSPICIOUS_MOVE = YES;
				CLANG_WARN_UNGUARDED_AVAILABILITY = YES_AGGRESSIVE;
				CLANG_WARN_UNREACHABLE_CODE = YES;
				CLANG_WARN__DUPLICATE_METHOD_MATCH = YES;
				COPY_PHASE_STRIP = NO;
				DEBUG_INFORMATION_FORMAT = "dwarf-with-dsym";
				ENABLE_NS_ASSERTIONS = NO;
				ENABLE_STRICT_OBJC_MSGSEND = YES;
				ENABLE_USER_SCRIPT_SANDBOXING = YES;
				GCC_C_LANGUAGE_STANDARD = gnu17;
				GCC_NO_COMMON_BLOCKS = YES;
				GCC_WARN_64_TO_32_BIT_CONVERSION = YES;
				GCC_WARN_ABOUT_RETURN_TYPE = YES_ERROR;
				GCC_WARN_UNDECLARED_SELECTOR = YES;
				GCC_WARN_UNINITIALIZED_AUTOS = YES_AGGRESSIVE;
				GCC_WARN_UNUSED_FUNCTION = YES;
				GCC_WARN_UNUSED_VARIABLE = YES;
				IPHONEOS_DEPLOYMENT_TARGET = 17.2;
				LOCALIZATION_PREFERS_STRING_CATALOGS = YES;
				MTL_ENABLE_DEBUG_INFO = NO;
				MTL_FAST_MATH = YES;
				SDKROOT = iphoneos;
				SWIFT_COMPILATION_MODE = wholemodule;
				VALIDATE_PRODUCT = YES;
			};
			name = Release;
		};
		7944793E2BC0B8D700D39B12 /* Debug */ = {
			isa = XCBuildConfiguration;
			buildSettings = {
				ASSETCATALOG_COMPILER_APPICON_NAME = AppIcon;
				ASSETCATALOG_COMPILER_GLOBAL_ACCENT_COLOR_NAME = AccentColor;
				CODE_SIGN_STYLE = Automatic;
				CURRENT_PROJECT_VERSION = 1;
				DEVELOPMENT_ASSET_PATHS = "\"InvestIQ/Preview Content\"";
				ENABLE_PREVIEWS = YES;
				GENERATE_INFOPLIST_FILE = YES;
				INFOPLIST_KEY_UIApplicationSceneManifest_Generation = YES;
				INFOPLIST_KEY_UIApplicationSupportsIndirectInputEvents = YES;
				INFOPLIST_KEY_UILaunchScreen_Generation = YES;
				INFOPLIST_KEY_UISupportedInterfaceOrientations_iPad = "UIInterfaceOrientationPortrait UIInterfaceOrientationPortraitUpsideDown UIInterfaceOrientationLandscapeLeft UIInterfaceOrientationLandscapeRight";
				INFOPLIST_KEY_UISupportedInterfaceOrientations_iPhone = "UIInterfaceOrientationPortrait UIInterfaceOrientationLandscapeLeft UIInterfaceOrientationLandscapeRight";
				LD_RUNPATH_SEARCH_PATHS = (
					"$(inherited)",
					"@executable_path/Frameworks",
				);
				MARKETING_VERSION = 1.0;
				PRODUCT_BUNDLE_IDENTIFIER = com.profitInvest.InvestIQ;
				PRODUCT_NAME = "$(TARGET_NAME)";
				SWIFT_EMIT_LOC_STRINGS = YES;
				SWIFT_VERSION = 5.0;
				TARGETED_DEVICE_FAMILY = "1,2";
			};
			name = Debug;
		};
		7944793F2BC0B8D700D39B12 /* Release */ = {
			isa = XCBuildConfiguration;
			buildSettings = {
				ASSETCATALOG_COMPILER_APPICON_NAME = AppIcon;
				ASSETCATALOG_COMPILER_GLOBAL_ACCENT_COLOR_NAME = AccentColor;
				CODE_SIGN_STYLE = Automatic;
				CURRENT_PROJECT_VERSION = 1;
				DEVELOPMENT_ASSET_PATHS = "\"InvestIQ/Preview Content\"";
				ENABLE_PREVIEWS = YES;
				GENERATE_INFOPLIST_FILE = YES;
				INFOPLIST_KEY_UIApplicationSceneManifest_Generation = YES;
				INFOPLIST_KEY_UIApplicationSupportsIndirectInputEvents = YES;
				INFOPLIST_KEY_UILaunchScreen_Generation = YES;
				INFOPLIST_KEY_UISupportedInterfaceOrientations_iPad = "UIInterfaceOrientationPortrait UIInterfaceOrientationPortraitUpsideDown UIInterfaceOrientationLandscapeLeft UIInterfaceOrientationLandscapeRight";
				INFOPLIST_KEY_UISupportedInterfaceOrientations_iPhone = "UIInterfaceOrientationPortrait UIInterfaceOrientationLandscapeLeft UIInterfaceOrientationLandscapeRight";
				LD_RUNPATH_SEARCH_PATHS = (
					"$(inherited)",
					"@executable_path/Frameworks",
				);
				MARKETING_VERSION = 1.0;
				PRODUCT_BUNDLE_IDENTIFIER = com.profitInvest.InvestIQ;
				PRODUCT_NAME = "$(TARGET_NAME)";
				SWIFT_EMIT_LOC_STRINGS = YES;
				SWIFT_VERSION = 5.0;
				TARGETED_DEVICE_FAMILY = "1,2";
			};
			name = Release;
		};
		794479412BC0B8D700D39B12 /* Debug */ = {
			isa = XCBuildConfiguration;
			buildSettings = {
				ALWAYS_EMBED_SWIFT_STANDARD_LIBRARIES = YES;
				BUNDLE_LOADER = "$(TEST_HOST)";
				CODE_SIGN_STYLE = Automatic;
				CURRENT_PROJECT_VERSION = 1;
				GENERATE_INFOPLIST_FILE = YES;
				IPHONEOS_DEPLOYMENT_TARGET = 17.2;
				MARKETING_VERSION = 1.0;
				PRODUCT_BUNDLE_IDENTIFIER = com.profitInvest.InvestIQTests;
				PRODUCT_NAME = "$(TARGET_NAME)";
				SWIFT_EMIT_LOC_STRINGS = NO;
				SWIFT_VERSION = 5.0;
				TARGETED_DEVICE_FAMILY = "1,2";
				TEST_HOST = "$(BUILT_PRODUCTS_DIR)/InvestIQ.app/$(BUNDLE_EXECUTABLE_FOLDER_PATH)/InvestIQ";
			};
			name = Debug;
		};
		794479422BC0B8D700D39B12 /* Release */ = {
			isa = XCBuildConfiguration;
			buildSettings = {
				ALWAYS_EMBED_SWIFT_STANDARD_LIBRARIES = YES;
				BUNDLE_LOADER = "$(TEST_HOST)";
				CODE_SIGN_STYLE = Automatic;
				CURRENT_PROJECT_VERSION = 1;
				GENERATE_INFOPLIST_FILE = YES;
				IPHONEOS_DEPLOYMENT_TARGET = 17.2;
				MARKETING_VERSION = 1.0;
				PRODUCT_BUNDLE_IDENTIFIER = com.profitInvest.InvestIQTests;
				PRODUCT_NAME = "$(TARGET_NAME)";
				SWIFT_EMIT_LOC_STRINGS = NO;
				SWIFT_VERSION = 5.0;
				TARGETED_DEVICE_FAMILY = "1,2";
				TEST_HOST = "$(BUILT_PRODUCTS_DIR)/InvestIQ.app/$(BUNDLE_EXECUTABLE_FOLDER_PATH)/InvestIQ";
			};
			name = Release;
		};
		794479442BC0B8D700D39B12 /* Debug */ = {
			isa = XCBuildConfiguration;
			buildSettings = {
				ALWAYS_EMBED_SWIFT_STANDARD_LIBRARIES = YES;
				CODE_SIGN_STYLE = Automatic;
				CURRENT_PROJECT_VERSION = 1;
				GENERATE_INFOPLIST_FILE = YES;
				MARKETING_VERSION = 1.0;
				PRODUCT_BUNDLE_IDENTIFIER = com.profitInvest.InvestIQUITests;
				PRODUCT_NAME = "$(TARGET_NAME)";
				SWIFT_EMIT_LOC_STRINGS = NO;
				SWIFT_VERSION = 5.0;
				TARGETED_DEVICE_FAMILY = "1,2";
				TEST_TARGET_NAME = InvestIQ;
			};
			name = Debug;
		};
		794479452BC0B8D700D39B12 /* Release */ = {
			isa = XCBuildConfiguration;
			buildSettings = {
				ALWAYS_EMBED_SWIFT_STANDARD_LIBRARIES = YES;
				CODE_SIGN_STYLE = Automatic;
				CURRENT_PROJECT_VERSION = 1;
				GENERATE_INFOPLIST_FILE = YES;
				MARKETING_VERSION = 1.0;
				PRODUCT_BUNDLE_IDENTIFIER = com.profitInvest.InvestIQUITests;
				PRODUCT_NAME = "$(TARGET_NAME)";
				SWIFT_EMIT_LOC_STRINGS = NO;
				SWIFT_VERSION = 5.0;
				TARGETED_DEVICE_FAMILY = "1,2";
				TEST_TARGET_NAME = InvestIQ;
			};
			name = Release;
		};
/* End XCBuildConfiguration section */

/* Begin XCConfigurationList section */
		794479142BC0B8D600D39B12 /* Build configuration list for PBXProject "InvestIQ" */ = {
			isa = XCConfigurationList;
			buildConfigurations = (
				7944793B2BC0B8D700D39B12 /* Debug */,
				7944793C2BC0B8D700D39B12 /* Release */,
			);
			defaultConfigurationIsVisible = 0;
			defaultConfigurationName = Release;
		};
		7944793D2BC0B8D700D39B12 /* Build configuration list for PBXNativeTarget "InvestIQ" */ = {
			isa = XCConfigurationList;
			buildConfigurations = (
				7944793E2BC0B8D700D39B12 /* Debug */,
				7944793F2BC0B8D700D39B12 /* Release */,
			);
			defaultConfigurationIsVisible = 0;
			defaultConfigurationName = Release;
		};
		794479402BC0B8D700D39B12 /* Build configuration list for PBXNativeTarget "InvestIQTests" */ = {
			isa = XCConfigurationList;
			buildConfigurations = (
				794479412BC0B8D700D39B12 /* Debug */,
				794479422BC0B8D700D39B12 /* Release */,
			);
			defaultConfigurationIsVisible = 0;
			defaultConfigurationName = Release;
		};
		794479432BC0B8D700D39B12 /* Build configuration list for PBXNativeTarget "InvestIQUITests" */ = {
			isa = XCConfigurationList;
			buildConfigurations = (
				794479442BC0B8D700D39B12 /* Debug */,
				794479452BC0B8D700D39B12 /* Release */,
			);
			defaultConfigurationIsVisible = 0;
			defaultConfigurationName = Release;
		};
/* End XCConfigurationList section */
	};
	rootObject = 794479112BC0B8D600D39B12 /* Project object */;
}
